<?xml version="1.0" encoding="utf-8"?>
<Project ToolsVersion="4.0" xmlns="http://schemas.microsoft.com/developer/msbuild/2003">
  <ItemGroup>
    <Filter Include="Source Files">
      <UniqueIdentifier>{4FC737F1-C7A5-4376-A066-2A32D752A2FF}</UniqueIdentifier>
      <Extensions>cpp;c;cc;cxx;def;odl;idl;hpj;bat;asm;asmx</Extensions>
    </Filter>
    <Filter Include="Header Files">
      <UniqueIdentifier>{93995380-89BD-4b04-88EB-625FBE52EBFB}</UniqueIdentifier>
      <Extensions>h;hh;hpp;hxx;hm;inl;inc;ipp;xsd</Extensions>
    </Filter>
    <Filter Include="Resource Files">
      <UniqueIdentifier>{67DA6AB6-F800-4c08-8B7A-83BB121AAD01}</UniqueIdentifier>
      <Extensions>rc;ico;cur;bmp;dlg;rc2;rct;bin;rgs;gif;jpg;jpeg;jpe;resx;tiff;tif;png;wav;mfcribbon-ms</Extensions>
    </Filter>
    <Filter Include="Header Files\DataTypes">
      <UniqueIdentifier>{7c58114d-c38f-45db-bdf4-f6b4d60e0e92}</UniqueIdentifier>
    </Filter>
    <Filter Include="Source Files\DataTypes">
      <UniqueIdentifier>{d0e5f187-a00e-4d91-8508-07deb19e2e47}</UniqueIdentifier>
    </Filter>
  </ItemGroup>
  <ItemGroup>
    <ClInclude Include="pch.h">
      <Filter>Header Files</Filter>
    </ClInclude>
    <ClInclude Include="List.h">
      <Filter>Header Files\DataTypes</Filter>
    </ClInclude>
    <ClInclude Include="Table.h">
      <Filter>Header Files\DataTypes</Filter>
    </ClInclude>
    <ClInclude Include="IArray.h">
      <Filter>Header Files\DataTypes</Filter>
    </ClInclude>
    <ClInclude Include="ITree.h">
      <Filter>Header Files\DataTypes</Filter>
    </ClInclude>
    <ClInclude Include="IBasicOperations.h">
      <Filter>Header Files\DataTypes</Filter>
    </ClInclude>
    <ClInclude Include="DataTypes.h">
      <Filter>Header Files\DataTypes</Filter>
    </ClInclude>
    <ClInclude Include="Heap.h">
      <Filter>Header Files\DataTypes</Filter>
    </ClInclude>
    <ClInclude Include="TreeRedBlack.h">
      <Filter>Header Files\DataTypes</Filter>
    </ClInclude>
    <ClInclude Include="TreeAVL.h">
      <Filter>Header Files\DataTypes</Filter>
    </ClInclude>
  </ItemGroup>
  <ItemGroup>
    <ClCompile Include="pch.cpp">
      <Filter>Source Files</Filter>
    </ClCompile>
    <ClCompile Include="main.cpp">
      <Filter>Source Files</Filter>
    </ClCompile>
    <ClCompile Include="Table.cpp">
      <Filter>Source Files\DataTypes</Filter>
    </ClCompile>
    <ClCompile Include="List.cpp">
      <Filter>Source Files\DataTypes</Filter>
    </ClCompile>
    <ClCompile Include="Heap.cpp">
      <Filter>Source Files\DataTypes</Filter>
    </ClCompile>
    <ClCompile Include="TreeRedBlack.cpp">
      <Filter>Source Files\DataTypes</Filter>
    </ClCompile>
    <ClCompile Include="TreeAVL.cpp">
      <Filter>Source Files\DataTypes</Filter>
    </ClCompile>
  </ItemGroup>
</Project>