
Microsoft Visual Studio Solution File, Format Version 12.00
# Visual Studio 15
VisualStudioVersion = 15.0.27004.2008
MinimumVisualStudioVersion = 10.0.40219.1
Project("{FAE04EC0-301F-11D3-BF4B-00C04F79EFBC}") = "MarekMachlinskiLab1", "MarekMachlinskiLab1\MarekMachlinskiLab1.csproj", "{D61AFCF2-2F00-4B01-B53B-488FF3DA7E13}"
EndProject
Global
	GlobalSection(SolutionConfigurationPlatforms) = preSolution
		Debug|Any CPU = Debug|Any CPU
		Release|Any CPU = Release|Any CPU
	EndGlobalSection
	GlobalSection(ProjectConfigurationPlatforms) = postSolution
		{D61AFCF2-2F00-4B01-B53B-488FF3DA7E13}.Debug|Any CPU.ActiveCfg = Debug|Any CPU
		{D61AFCF2-2F00-4B01-B53B-488FF3DA7E13}.Debug|Any CPU.Build.0 = Debug|Any CPU
		{D61AFCF2-2F00-4B01-B53B-488FF3DA7E13}.Release|Any CPU.ActiveCfg = Release|Any CPU
		{D61AFCF2-2F00-4B01-B53B-488FF3DA7E13}.Release|Any CPU.Build.0 = Release|Any CPU
	EndGlobalSection
	GlobalSection(SolutionProperties) = preSolution
		HideSolutionNode = FALSE
	EndGlobalSection
	GlobalSection(ExtensibilityGlobals) = postSolution
		SolutionGuid = {C3E3385E-72A8-4672-91F7-94FEFC1EA6D4}
	EndGlobalSection
EndGlobal
