
Microsoft Visual Studio Solution File, Format Version 12.00
# Visual Studio 15
VisualStudioVersion = 15.0.27428.2027
MinimumVisualStudioVersion = 10.0.40219.1
Project("{FAE04EC0-301F-11D3-BF4B-00C04F79EFBC}") = "MarekMachlinskiLab2Zad1", "MarekMachlinskiLab2Zad1\MarekMachlinskiLab2Zad1.csproj", "{2BFAB111-C340-4A54-B064-3F355CEA37E5}"
EndProject
Global
	GlobalSection(SolutionConfigurationPlatforms) = preSolution
		Debug|Any CPU = Debug|Any CPU
		Release|Any CPU = Release|Any CPU
	EndGlobalSection
	GlobalSection(ProjectConfigurationPlatforms) = postSolution
		{2BFAB111-C340-4A54-B064-3F355CEA37E5}.Debug|Any CPU.ActiveCfg = Debug|Any CPU
		{2BFAB111-C340-4A54-B064-3F355CEA37E5}.Debug|Any CPU.Build.0 = Debug|Any CPU
		{2BFAB111-C340-4A54-B064-3F355CEA37E5}.Release|Any CPU.ActiveCfg = Release|Any CPU
		{2BFAB111-C340-4A54-B064-3F355CEA37E5}.Release|Any CPU.Build.0 = Release|Any CPU
	EndGlobalSection
	GlobalSection(SolutionProperties) = preSolution
		HideSolutionNode = FALSE
	EndGlobalSection
	GlobalSection(ExtensibilityGlobals) = postSolution
		SolutionGuid = {6CCB366F-42A6-4F2E-9600-D3DE0EE7BD10}
	EndGlobalSection
EndGlobal
