
Microsoft Visual Studio Solution File, Format Version 12.00
# Visual Studio 15
VisualStudioVersion = 15.0.27428.2027
MinimumVisualStudioVersion = 10.0.40219.1
Project("{FAE04EC0-301F-11D3-BF4B-00C04F79EFBC}") = "MarekMachlinskiLab4", "MarekMachlinskiLab4\MarekMachlinskiLab4.csproj", "{E65C7AA1-93B7-4CE1-88AC-C308CA67D28F}"
EndProject
Global
	GlobalSection(SolutionConfigurationPlatforms) = preSolution
		Debug|Any CPU = Debug|Any CPU
		Release|Any CPU = Release|Any CPU
	EndGlobalSection
	GlobalSection(ProjectConfigurationPlatforms) = postSolution
		{E65C7AA1-93B7-4CE1-88AC-C308CA67D28F}.Debug|Any CPU.ActiveCfg = Debug|Any CPU
		{E65C7AA1-93B7-4CE1-88AC-C308CA67D28F}.Debug|Any CPU.Build.0 = Debug|Any CPU
		{E65C7AA1-93B7-4CE1-88AC-C308CA67D28F}.Release|Any CPU.ActiveCfg = Release|Any CPU
		{E65C7AA1-93B7-4CE1-88AC-C308CA67D28F}.Release|Any CPU.Build.0 = Release|Any CPU
	EndGlobalSection
	GlobalSection(SolutionProperties) = preSolution
		HideSolutionNode = FALSE
	EndGlobalSection
	GlobalSection(ExtensibilityGlobals) = postSolution
		SolutionGuid = {C4B75D97-7B04-46CC-9BB4-D8A84FD4A7DE}
	EndGlobalSection
EndGlobal
