
Microsoft Visual Studio Solution File, Format Version 12.00
# Visual Studio 15
VisualStudioVersion = 15.0.27703.2000
MinimumVisualStudioVersion = 10.0.40219.1
Project("{FAE04EC0-301F-11D3-BF4B-00C04F79EFBC}") = "MarekMachlinskiLab7Zad1", "MarekMachlinskiLab7Zad1\MarekMachlinskiLab7Zad1.csproj", "{AF65CF2B-B95A-437D-91AC-0D370AB1E911}"
EndProject
Global
	GlobalSection(SolutionConfigurationPlatforms) = preSolution
		Debug|Any CPU = Debug|Any CPU
		Release|Any CPU = Release|Any CPU
	EndGlobalSection
	GlobalSection(ProjectConfigurationPlatforms) = postSolution
		{AF65CF2B-B95A-437D-91AC-0D370AB1E911}.Debug|Any CPU.ActiveCfg = Debug|Any CPU
		{AF65CF2B-B95A-437D-91AC-0D370AB1E911}.Debug|Any CPU.Build.0 = Debug|Any CPU
		{AF65CF2B-B95A-437D-91AC-0D370AB1E911}.Release|Any CPU.ActiveCfg = Release|Any CPU
		{AF65CF2B-B95A-437D-91AC-0D370AB1E911}.Release|Any CPU.Build.0 = Release|Any CPU
	EndGlobalSection
	GlobalSection(SolutionProperties) = preSolution
		HideSolutionNode = FALSE
	EndGlobalSection
	GlobalSection(ExtensibilityGlobals) = postSolution
		SolutionGuid = {C69F187A-8BFE-4932-8925-D20F4EE3DC64}
	EndGlobalSection
EndGlobal
